// !$*UTF8*$!
{
	archiveVersion = 1;
	classes = {
	};
	objectVersion = 51;
	objects = {

/* Begin PBXBuildFile section */
		12038B3123744F4C00608629 /* SavedTranslationsViewController.swift in Sources */ = {isa = PBXBuildFile; fileRef = 12038B3023744F4C00608629 /* SavedTranslationsViewController.swift */; };
		120879E12371A37300ED8D2C /* AppDelegate.swift in Sources */ = {isa = PBXBuildFile; fileRef = 120879E02371A37300ED8D2C /* AppDelegate.swift */; };
		120879E52371A37300ED8D2C /* TranslateScreenViewController.swift in Sources */ = {isa = PBXBuildFile; fileRef = 120879E42371A37300ED8D2C /* TranslateScreenViewController.swift */; };
		120879E82371A37300ED8D2C /* Main.storyboard in Resources */ = {isa = PBXBuildFile; fileRef = 120879E62371A37300ED8D2C /* Main.storyboard */; };
		120879EA2371A37500ED8D2C /* Assets.xcassets in Resources */ = {isa = PBXBuildFile; fileRef = 120879E92371A37500ED8D2C /* Assets.xcassets */; };
		120879ED2371A37500ED8D2C /* LaunchScreen.storyboard in Resources */ = {isa = PBXBuildFile; fileRef = 120879EB2371A37500ED8D2C /* LaunchScreen.storyboard */; };
		1239B4AE23730C4C006FE81E /* Constants.swift in Sources */ = {isa = PBXBuildFile; fileRef = 1239B4AD23730C4C006FE81E /* Constants.swift */; };
		1266B14323786C0400DB10FC /* EditViewController.swift in Sources */ = {isa = PBXBuildFile; fileRef = 1266B14223786C0400DB10FC /* EditViewController.swift */; };
		12AC6E0623830D39002423CA /* GroupSelectionViewController.swift in Sources */ = {isa = PBXBuildFile; fileRef = 12AC6E0523830D39002423CA /* GroupSelectionViewController.swift */; };
		12AC6E0923830DF8002423CA /* GroupSelectionTableViewCell.swift in Sources */ = {isa = PBXBuildFile; fileRef = 12AC6E0723830DF8002423CA /* GroupSelectionTableViewCell.swift */; };
		12AC6E0A23830DF8002423CA /* GroupSelectionTableViewCell.xib in Resources */ = {isa = PBXBuildFile; fileRef = 12AC6E0823830DF8002423CA /* GroupSelectionTableViewCell.xib */; };
		12AC6E0D238314A1002423CA /* ModelManager.swift in Sources */ = {isa = PBXBuildFile; fileRef = 12AC6E0C238314A1002423CA /* ModelManager.swift */; };
		12BEB311237324DB00A90C0C /* NetworkManager.swift in Sources */ = {isa = PBXBuildFile; fileRef = 12BEB310237324DB00A90C0C /* NetworkManager.swift */; };
		12BEB313237342F400A90C0C /* TranslateScreenPresenter.swift in Sources */ = {isa = PBXBuildFile; fileRef = 12BEB312237342F400A90C0C /* TranslateScreenPresenter.swift */; };
		12BEB3152373430A00A90C0C /* TranslateScreenPresenterProtocol.swift in Sources */ = {isa = PBXBuildFile; fileRef = 12BEB3142373430A00A90C0C /* TranslateScreenPresenterProtocol.swift */; };
		12BEB3172373433A00A90C0C /* TranslateScreenProtocol.swift in Sources */ = {isa = PBXBuildFile; fileRef = 12BEB3162373433A00A90C0C /* TranslateScreenProtocol.swift */; };
		12E3DA61237350C6002BD8AA /* Models.swift in Sources */ = {isa = PBXBuildFile; fileRef = 12E3DA60237350C6002BD8AA /* Models.swift */; };
		25CC6C440360FE7B13B5E556 /* Pods_Translator.framework in Frameworks */ = {isa = PBXBuildFile; fileRef = B1385C3F5080BA8D6BF7098D /* Pods_Translator.framework */; };
/* End PBXBuildFile section */

/* Begin PBXFileReference section */
		075E0660568B192ACBDE12D1 /* Pods-Translator.release.xcconfig */ = {isa = PBXFileReference; includeInIndex = 1; lastKnownFileType = text.xcconfig; name = "Pods-Translator.release.xcconfig"; path = "Target Support Files/Pods-Translator/Pods-Translator.release.xcconfig"; sourceTree = "<group>"; };
		12038B3023744F4C00608629 /* SavedTranslationsViewController.swift */ = {isa = PBXFileReference; lastKnownFileType = sourcecode.swift; path = SavedTranslationsViewController.swift; sourceTree = "<group>"; };
		120879DD2371A37300ED8D2C /* Translator.app */ = {isa = PBXFileReference; explicitFileType = wrapper.application; includeInIndex = 0; path = Translator.app; sourceTree = BUILT_PRODUCTS_DIR; };
		120879E02371A37300ED8D2C /* AppDelegate.swift */ = {isa = PBXFileReference; lastKnownFileType = sourcecode.swift; path = AppDelegate.swift; sourceTree = "<group>"; };
		120879E42371A37300ED8D2C /* TranslateScreenViewController.swift */ = {isa = PBXFileReference; lastKnownFileType = sourcecode.swift; path = TranslateScreenViewController.swift; sourceTree = "<group>"; };
		120879E72371A37300ED8D2C /* Base */ = {isa = PBXFileReference; lastKnownFileType = file.storyboard; name = Base; path = Base.lproj/Main.storyboard; sourceTree = "<group>"; };
		120879E92371A37500ED8D2C /* Assets.xcassets */ = {isa = PBXFileReference; lastKnownFileType = folder.assetcatalog; path = Assets.xcassets; sourceTree = "<group>"; };
		120879EC2371A37500ED8D2C /* Base */ = {isa = PBXFileReference; lastKnownFileType = file.storyboard; name = Base; path = Base.lproj/LaunchScreen.storyboard; sourceTree = "<group>"; };
		120879EE2371A37500ED8D2C /* Info.plist */ = {isa = PBXFileReference; lastKnownFileType = text.plist.xml; path = Info.plist; sourceTree = "<group>"; };
		1239B4AD23730C4C006FE81E /* Constants.swift */ = {isa = PBXFileReference; lastKnownFileType = sourcecode.swift; path = Constants.swift; sourceTree = "<group>"; };
		1266B14223786C0400DB10FC /* EditViewController.swift */ = {isa = PBXFileReference; lastKnownFileType = sourcecode.swift; path = EditViewController.swift; sourceTree = "<group>"; };
		12AC6E0523830D39002423CA /* GroupSelectionViewController.swift */ = {isa = PBXFileReference; lastKnownFileType = sourcecode.swift; path = GroupSelectionViewController.swift; sourceTree = "<group>"; };
		12AC6E0723830DF8002423CA /* GroupSelectionTableViewCell.swift */ = {isa = PBXFileReference; lastKnownFileType = sourcecode.swift; path = GroupSelectionTableViewCell.swift; sourceTree = "<group>"; };
		12AC6E0823830DF8002423CA /* GroupSelectionTableViewCell.xib */ = {isa = PBXFileReference; lastKnownFileType = file.xib; path = GroupSelectionTableViewCell.xib; sourceTree = "<group>"; };
		12AC6E0C238314A1002423CA /* ModelManager.swift */ = {isa = PBXFileReference; lastKnownFileType = sourcecode.swift; path = ModelManager.swift; sourceTree = "<group>"; };
		12BEB310237324DB00A90C0C /* NetworkManager.swift */ = {isa = PBXFileReference; lastKnownFileType = sourcecode.swift; path = NetworkManager.swift; sourceTree = "<group>"; };
		12BEB312237342F400A90C0C /* TranslateScreenPresenter.swift */ = {isa = PBXFileReference; lastKnownFileType = sourcecode.swift; path = TranslateScreenPresenter.swift; sourceTree = "<group>"; };
		12BEB3142373430A00A90C0C /* TranslateScreenPresenterProtocol.swift */ = {isa = PBXFileReference; lastKnownFileType = sourcecode.swift; path = TranslateScreenPresenterProtocol.swift; sourceTree = "<group>"; };
		12BEB3162373433A00A90C0C /* TranslateScreenProtocol.swift */ = {isa = PBXFileReference; lastKnownFileType = sourcecode.swift; path = TranslateScreenProtocol.swift; sourceTree = "<group>"; };
		12E3DA60237350C6002BD8AA /* Models.swift */ = {isa = PBXFileReference; lastKnownFileType = sourcecode.swift; path = Models.swift; sourceTree = "<group>"; };
		15006A3AD1BFD87B2B7A5A87 /* Pods-Translator.debug.xcconfig */ = {isa = PBXFileReference; includeInIndex = 1; lastKnownFileType = text.xcconfig; name = "Pods-Translator.debug.xcconfig"; path = "Target Support Files/Pods-Translator/Pods-Translator.debug.xcconfig"; sourceTree = "<group>"; };
		B1385C3F5080BA8D6BF7098D /* Pods_Translator.framework */ = {isa = PBXFileReference; explicitFileType = wrapper.framework; includeInIndex = 0; path = Pods_Translator.framework; sourceTree = BUILT_PRODUCTS_DIR; };
/* End PBXFileReference section */

/* Begin PBXFrameworksBuildPhase section */
		120879DA2371A37300ED8D2C /* Frameworks */ = {
			isa = PBXFrameworksBuildPhase;
			buildActionMask = 2147483647;
			files = (
				25CC6C440360FE7B13B5E556 /* Pods_Translator.framework in Frameworks */,
			);
			runOnlyForDeploymentPostprocessing = 0;
		};
/* End PBXFrameworksBuildPhase section */

/* Begin PBXGroup section */
		0FECED82C4B2DAC129EA278E /* Pods */ = {
			isa = PBXGroup;
			children = (
				15006A3AD1BFD87B2B7A5A87 /* Pods-Translator.debug.xcconfig */,
				075E0660568B192ACBDE12D1 /* Pods-Translator.release.xcconfig */,
			);
			path = Pods;
			sourceTree = "<group>";
		};
		120879D42371A37300ED8D2C = {
			isa = PBXGroup;
			children = (
				120879DF2371A37300ED8D2C /* Translator */,
				120879DE2371A37300ED8D2C /* Products */,
				0FECED82C4B2DAC129EA278E /* Pods */,
				5AC37DCFAB6B7872477C260F /* Frameworks */,
			);
			sourceTree = "<group>";
		};
		120879DE2371A37300ED8D2C /* Products */ = {
			isa = PBXGroup;
			children = (
				120879DD2371A37300ED8D2C /* Translator.app */,
			);
			name = Products;
			sourceTree = "<group>";
		};
		120879DF2371A37300ED8D2C /* Translator */ = {
			isa = PBXGroup;
			children = (
				120879E02371A37300ED8D2C /* AppDelegate.swift */,
				1239B4AC23730BDB006FE81E /* Protocols */,
				1239B4AA23730BCC006FE81E /* Presenters */,
				12E3DA6223735107002BD8AA /* Views */,
				1239B4AD23730C4C006FE81E /* Constants.swift */,
				12BEB310237324DB00A90C0C /* NetworkManager.swift */,
				12AC6E0C238314A1002423CA /* ModelManager.swift */,
				12E3DA60237350C6002BD8AA /* Models.swift */,
				120879E92371A37500ED8D2C /* Assets.xcassets */,
				120879EB2371A37500ED8D2C /* LaunchScreen.storyboard */,
				120879EE2371A37500ED8D2C /* Info.plist */,
			);
			path = Translator;
			sourceTree = "<group>";
		};
		122BEBA323734F1500128F00 /* PresenterProtocols */ = {
			isa = PBXGroup;
			children = (
				12BEB3142373430A00A90C0C /* TranslateScreenPresenterProtocol.swift */,
			);
			path = PresenterProtocols;
			sourceTree = "<group>";
		};
		122BEBA423734F2C00128F00 /* ViewProtocols */ = {
			isa = PBXGroup;
			children = (
				12BEB3162373433A00A90C0C /* TranslateScreenProtocol.swift */,
			);
			path = ViewProtocols;
			sourceTree = "<group>";
		};
		1239B4AA23730BCC006FE81E /* Presenters */ = {
			isa = PBXGroup;
			children = (
				12BEB312237342F400A90C0C /* TranslateScreenPresenter.swift */,
			);
			path = Presenters;
			sourceTree = "<group>";
		};
		1239B4AC23730BDB006FE81E /* Protocols */ = {
			isa = PBXGroup;
			children = (
				122BEBA323734F1500128F00 /* PresenterProtocols */,
				122BEBA423734F2C00128F00 /* ViewProtocols */,
			);
			path = Protocols;
			sourceTree = "<group>";
		};
		12AC6E0B2383139A002423CA /* GroupSelection */ = {
			isa = PBXGroup;
			children = (
				12AC6E0523830D39002423CA /* GroupSelectionViewController.swift */,
				12AC6E0723830DF8002423CA /* GroupSelectionTableViewCell.swift */,
				12AC6E0823830DF8002423CA /* GroupSelectionTableViewCell.xib */,
			);
			path = GroupSelection;
			sourceTree = "<group>";
		};
		12E3DA6223735107002BD8AA /* Views */ = {
			isa = PBXGroup;
			children = (
				120879E42371A37300ED8D2C /* TranslateScreenViewController.swift */,
				120879E62371A37300ED8D2C /* Main.storyboard */,
				12038B3023744F4C00608629 /* SavedTranslationsViewController.swift */,
				1266B14223786C0400DB10FC /* EditViewController.swift */,
				12AC6E0B2383139A002423CA /* GroupSelection */,
			);
			path = Views;
			sourceTree = "<group>";
		};
		5AC37DCFAB6B7872477C260F /* Frameworks */ = {
			isa = PBXGroup;
			children = (
				B1385C3F5080BA8D6BF7098D /* Pods_Translator.framework */,
			);
			name = Frameworks;
			sourceTree = "<group>";
		};
/* End PBXGroup section */

/* Begin PBXNativeTarget section */
		120879DC2371A37300ED8D2C /* Translator */ = {
			isa = PBXNativeTarget;
			buildConfigurationList = 120879F12371A37500ED8D2C /* Build configuration list for PBXNativeTarget "Translator" */;
			buildPhases = (
				897597122359006FCC3E93F2 /* [CP] Check Pods Manifest.lock */,
				120879D92371A37300ED8D2C /* Sources */,
				120879DA2371A37300ED8D2C /* Frameworks */,
				120879DB2371A37300ED8D2C /* Resources */,
				804F9F2FACBF0F19E9D4F413 /* [CP] Embed Pods Frameworks */,
			);
			buildRules = (
			);
			dependencies = (
			);
			name = Translator;
			productName = Translator;
			productReference = 120879DD2371A37300ED8D2C /* Translator.app */;
			productType = "com.apple.product-type.application";
		};
/* End PBXNativeTarget section */

/* Begin PBXProject section */
		120879D52371A37300ED8D2C /* Project object */ = {
			isa = PBXProject;
			attributes = {
				LastSwiftUpdateCheck = 1110;
				LastUpgradeCheck = 1110;
				ORGANIZATIONNAME = Tianid;
				TargetAttributes = {
					120879DC2371A37300ED8D2C = {
						CreatedOnToolsVersion = 11.1;
					};
				};
			};
			buildConfigurationList = 120879D82371A37300ED8D2C /* Build configuration list for PBXProject "Translator" */;
			compatibilityVersion = "Xcode 9.3";
			developmentRegion = en;
			hasScannedForEncodings = 0;
			knownRegions = (
				en,
				Base,
			);
			mainGroup = 120879D42371A37300ED8D2C;
			productRefGroup = 120879DE2371A37300ED8D2C /* Products */;
			projectDirPath = "";
			projectRoot = "";
			targets = (
				120879DC2371A37300ED8D2C /* Translator */,
			);
		};
/* End PBXProject section */

/* Begin PBXResourcesBuildPhase section */
		120879DB2371A37300ED8D2C /* Resources */ = {
			isa = PBXResourcesBuildPhase;
			buildActionMask = 2147483647;
			files = (
				120879ED2371A37500ED8D2C /* LaunchScreen.storyboard in Resources */,
				120879EA2371A37500ED8D2C /* Assets.xcassets in Resources */,
				12AC6E0A23830DF8002423CA /* GroupSelectionTableViewCell.xib in Resources */,
				120879E82371A37300ED8D2C /* Main.storyboard in Resources */,
			);
			runOnlyForDeploymentPostprocessing = 0;
		};
/* End PBXResourcesBuildPhase section */

/* Begin PBXShellScriptBuildPhase section */
		804F9F2FACBF0F19E9D4F413 /* [CP] Embed Pods Frameworks */ = {
			isa = PBXShellScriptBuildPhase;
			buildActionMask = 2147483647;
			files = (
			);
			inputFileListPaths = (
				"${PODS_ROOT}/Target Support Files/Pods-Translator/Pods-Translator-frameworks-${CONFIGURATION}-input-files.xcfilelist",
			);
			name = "[CP] Embed Pods Frameworks";
			outputFileListPaths = (
				"${PODS_ROOT}/Target Support Files/Pods-Translator/Pods-Translator-frameworks-${CONFIGURATION}-output-files.xcfilelist",
			);
			runOnlyForDeploymentPostprocessing = 0;
			shellPath = /bin/sh;
			shellScript = "\"${PODS_ROOT}/Target Support Files/Pods-Translator/Pods-Translator-frameworks.sh\"\n";
			showEnvVarsInLog = 0;
		};
		897597122359006FCC3E93F2 /* [CP] Check Pods Manifest.lock */ = {
			isa = PBXShellScriptBuildPhase;
			buildActionMask = 2147483647;
			files = (
			);
			inputFileListPaths = (
			);
			inputPaths = (
				"${PODS_PODFILE_DIR_PATH}/Podfile.lock",
				"${PODS_ROOT}/Manifest.lock",
			);
			name = "[CP] Check Pods Manifest.lock";
			outputFileListPaths = (
			);
			outputPaths = (
				"$(DERIVED_FILE_DIR)/Pods-Translator-checkManifestLockResult.txt",
			);
			runOnlyForDeploymentPostprocessing = 0;
			shellPath = /bin/sh;
			shellScript = "diff \"${PODS_PODFILE_DIR_PATH}/Podfile.lock\" \"${PODS_ROOT}/Manifest.lock\" > /dev/null\nif [ $? != 0 ] ; then\n    # print error to STDERR\n    echo \"error: The sandbox is not in sync with the Podfile.lock. Run 'pod install' or update your CocoaPods installation.\" >&2\n    exit 1\nfi\n# This output is used by Xcode 'outputs' to avoid re-running this script phase.\necho \"SUCCESS\" > \"${SCRIPT_OUTPUT_FILE_0}\"\n";
			showEnvVarsInLog = 0;
		};
/* End PBXShellScriptBuildPhase section */

/* Begin PBXSourcesBuildPhase section */
		120879D92371A37300ED8D2C /* Sources */ = {
			isa = PBXSourcesBuildPhase;
			buildActionMask = 2147483647;
			files = (
				1266B14323786C0400DB10FC /* EditViewController.swift in Sources */,
				12BEB313237342F400A90C0C /* TranslateScreenPresenter.swift in Sources */,
				12AC6E0923830DF8002423CA /* GroupSelectionTableViewCell.swift in Sources */,
				12BEB3152373430A00A90C0C /* TranslateScreenPresenterProtocol.swift in Sources */,
				12BEB311237324DB00A90C0C /* NetworkManager.swift in Sources */,
				12038B3123744F4C00608629 /* SavedTranslationsViewController.swift in Sources */,
				12E3DA61237350C6002BD8AA /* Models.swift in Sources */,
				120879E52371A37300ED8D2C /* TranslateScreenViewController.swift in Sources */,
				12AC6E0D238314A1002423CA /* ModelManager.swift in Sources */,
				120879E12371A37300ED8D2C /* AppDelegate.swift in Sources */,
				12BEB3172373433A00A90C0C /* TranslateScreenProtocol.swift in Sources */,
				1239B4AE23730C4C006FE81E /* Constants.swift in Sources */,
				12AC6E0623830D39002423CA /* GroupSelectionViewController.swift in Sources */,
			);
			runOnlyForDeploymentPostprocessing = 0;
		};
/* End PBXSourcesBuildPhase section */

/* Begin PBXVariantGroup section */
		120879E62371A37300ED8D2C /* Main.storyboard */ = {
			isa = PBXVariantGroup;
			children = (
				120879E72371A37300ED8D2C /* Base */,
			);
			name = Main.storyboard;
			sourceTree = "<group>";
		};
		120879EB2371A37500ED8D2C /* LaunchScreen.storyboard */ = {
			isa = PBXVariantGroup;
			children = (
				120879EC2371A37500ED8D2C /* Base */,
			);
			name = LaunchScreen.storyboard;
			sourceTree = "<group>";
		};
/* End PBXVariantGroup section */

/* Begin XCBuildConfiguration section */
		120879EF2371A37500ED8D2C /* Debug */ = {
			isa = XCBuildConfiguration;
			buildSettings = {
				ALWAYS_SEARCH_USER_PATHS = NO;
				CLANG_ANALYZER_NONNULL = YES;
				CLANG_ANALYZER_NUMBER_OBJECT_CONVERSION = YES_AGGRESSIVE;
				CLANG_CXX_LANGUAGE_STANDARD = "gnu++14";
				CLANG_CXX_LIBRARY = "libc++";
				CLANG_ENABLE_MODULES = YES;
				CLANG_ENABLE_OBJC_ARC = YES;
				CLANG_ENABLE_OBJC_WEAK = YES;
				CLANG_WARN_BLOCK_CAPTURE_AUTORELEASING = YES;
				CLANG_WARN_BOOL_CONVERSION = YES;
				CLANG_WARN_COMMA = YES;
				CLANG_WARN_CONSTANT_CONVERSION = YES;
				CLANG_WARN_DEPRECATED_OBJC_IMPLEMENTATIONS = YES;
				CLANG_WARN_DIRECT_OBJC_ISA_USAGE = YES_ERROR;
				CLANG_WARN_DOCUMENTATION_COMMENTS = YES;
				CLANG_WARN_EMPTY_BODY = YES;
				CLANG_WARN_ENUM_CONVERSION = YES;
				CLANG_WARN_INFINITE_RECURSION = YES;
				CLANG_WARN_INT_CONVERSION = YES;
				CLANG_WARN_NON_LITERAL_NULL_CONVERSION = YES;
				CLANG_WARN_OBJC_IMPLICIT_RETAIN_SELF = YES;
				CLANG_WARN_OBJC_LITERAL_CONVERSION = YES;
				CLANG_WARN_OBJC_ROOT_CLASS = YES_ERROR;
				CLANG_WARN_RANGE_LOOP_ANALYSIS = YES;
				CLANG_WARN_STRICT_PROTOTYPES = YES;
				CLANG_WARN_SUSPICIOUS_MOVE = YES;
				CLANG_WARN_UNGUARDED_AVAILABILITY = YES_AGGRESSIVE;
				CLANG_WARN_UNREACHABLE_CODE = YES;
				CLANG_WARN__DUPLICATE_METHOD_MATCH = YES;
				COPY_PHASE_STRIP = NO;
				DEBUG_INFORMATION_FORMAT = dwarf;
				ENABLE_STRICT_OBJC_MSGSEND = YES;
				ENABLE_TESTABILITY = YES;
				GCC_C_LANGUAGE_STANDARD = gnu11;
				GCC_DYNAMIC_NO_PIC = NO;
				GCC_NO_COMMON_BLOCKS = YES;
				GCC_OPTIMIZATION_LEVEL = 0;
				GCC_PREPROCESSOR_DEFINITIONS = (
					"DEBUG=1",
					"$(inherited)",
				);
				GCC_WARN_64_TO_32_BIT_CONVERSION = YES;
				GCC_WARN_ABOUT_RETURN_TYPE = YES_ERROR;
				GCC_WARN_UNDECLARED_SELECTOR = YES;
				GCC_WARN_UNINITIALIZED_AUTOS = YES_AGGRESSIVE;
				GCC_WARN_UNUSED_FUNCTION = YES;
				GCC_WARN_UNUSED_VARIABLE = YES;
				IPHONEOS_DEPLOYMENT_TARGET = 13.1;
				MTL_ENABLE_DEBUG_INFO = INCLUDE_SOURCE;
				MTL_FAST_MATH = YES;
				ONLY_ACTIVE_ARCH = YES;
				SDKROOT = iphoneos;
				SWIFT_ACTIVE_COMPILATION_CONDITIONS = DEBUG;
				SWIFT_OPTIMIZATION_LEVEL = "-Onone";
			};
			name = Debug;
		};
		120879F02371A37500ED8D2C /* Release */ = {
			isa = XCBuildConfiguration;
			buildSettings = {
				ALWAYS_SEARCH_USER_PATHS = NO;
				CLANG_ANALYZER_NONNULL = YES;
				CLANG_ANALYZER_NUMBER_OBJECT_CONVERSION = YES_AGGRESSIVE;
				CLANG_CXX_LANGUAGE_STANDARD = "gnu++14";
				CLANG_CXX_LIBRARY = "libc++";
				CLANG_ENABLE_MODULES = YES;
				CLANG_ENABLE_OBJC_ARC = YES;
				CLANG_ENABLE_OBJC_WEAK = YES;
				CLANG_WARN_BLOCK_CAPTURE_AUTORELEASING = YES;
				CLANG_WARN_BOOL_CONVERSION = YES;
				CLANG_WARN_COMMA = YES;
				CLANG_WARN_CONSTANT_CONVERSION = YES;
				CLANG_WARN_DEPRECATED_OBJC_IMPLEMENTATIONS = YES;
				CLANG_WARN_DIRECT_OBJC_ISA_USAGE = YES_ERROR;
				CLANG_WARN_DOCUMENTATION_COMMENTS = YES;
				CLANG_WARN_EMPTY_BODY = YES;
				CLANG_WARN_ENUM_CONVERSION = YES;
				CLANG_WARN_INFINITE_RECURSION = YES;
				CLANG_WARN_INT_CONVERSION = YES;
				CLANG_WARN_NON_LITERAL_NULL_CONVERSION = YES;
				CLANG_WARN_OBJC_IMPLICIT_RETAIN_SELF = YES;
				CLANG_WARN_OBJC_LITERAL_CONVERSION = YES;
				CLANG_WARN_OBJC_ROOT_CLASS = YES_ERROR;
				CLANG_WARN_RANGE_LOOP_ANALYSIS = YES;
				CLANG_WARN_STRICT_PROTOTYPES = YES;
				CLANG_WARN_SUSPICIOUS_MOVE = YES;
				CLANG_WARN_UNGUARDED_AVAILABILITY = YES_AGGRESSIVE;
				CLANG_WARN_UNREACHABLE_CODE = YES;
				CLANG_WARN__DUPLICATE_METHOD_MATCH = YES;
				COPY_PHASE_STRIP = NO;
				DEBUG_INFORMATION_FORMAT = "dwarf-with-dsym";
				ENABLE_NS_ASSERTIONS = NO;
				ENABLE_STRICT_OBJC_MSGSEND = YES;
				GCC_C_LANGUAGE_STANDARD = gnu11;
				GCC_NO_COMMON_BLOCKS = YES;
				GCC_WARN_64_TO_32_BIT_CONVERSION = YES;
				GCC_WARN_ABOUT_RETURN_TYPE = YES_ERROR;
				GCC_WARN_UNDECLARED_SELECTOR = YES;
				GCC_WARN_UNINITIALIZED_AUTOS = YES_AGGRESSIVE;
				GCC_WARN_UNUSED_FUNCTION = YES;
				GCC_WARN_UNUSED_VARIABLE = YES;
				IPHONEOS_DEPLOYMENT_TARGET = 13.1;
				MTL_ENABLE_DEBUG_INFO = NO;
				MTL_FAST_MATH = YES;
				SDKROOT = iphoneos;
				SWIFT_COMPILATION_MODE = wholemodule;
				SWIFT_OPTIMIZATION_LEVEL = "-O";
				VALIDATE_PRODUCT = YES;
			};
			name = Release;
		};
		120879F22371A37500ED8D2C /* Debug */ = {
			isa = XCBuildConfiguration;
			baseConfigurationReference = 15006A3AD1BFD87B2B7A5A87 /* Pods-Translator.debug.xcconfig */;
			buildSettings = {
				ASSETCATALOG_COMPILER_APPICON_NAME = AppIcon;
				CODE_SIGN_STYLE = Automatic;
				DEVELOPMENT_TEAM = GY259TWT8G;
				INFOPLIST_FILE = Translator/Info.plist;
				IPHONEOS_DEPLOYMENT_TARGET = 12.1;
				LD_RUNPATH_SEARCH_PATHS = (
					"$(inherited)",
					"@executable_path/Frameworks",
				);
				PRODUCT_BUNDLE_IDENTIFIER = Tianid.Translator;
				PRODUCT_NAME = "$(TARGET_NAME)";
				SWIFT_VERSION = 5.0;
				TARGETED_DEVICE_FAMILY = "1,2";
			};
			name = Debug;
		};
		120879F32371A37500ED8D2C /* Release */ = {
			isa = XCBuildConfiguration;
			baseConfigurationReference = 075E0660568B192ACBDE12D1 /* Pods-Translator.release.xcconfig */;
			buildSettings = {
				ASSETCATALOG_COMPILER_APPICON_NAME = AppIcon;
				CODE_SIGN_STYLE = Automatic;
				DEVELOPMENT_TEAM = GY259TWT8G;
				INFOPLIST_FILE = Translator/Info.plist;
				IPHONEOS_DEPLOYMENT_TARGET = 12.1;
				LD_RUNPATH_SEARCH_PATHS = (
					"$(inherited)",
					"@executable_path/Frameworks",
				);
				PRODUCT_BUNDLE_IDENTIFIER = Tianid.Translator;
				PRODUCT_NAME = "$(TARGET_NAME)";
				SWIFT_VERSION = 5.0;
				TARGETED_DEVICE_FAMILY = "1,2";
			};
			name = Release;
		};
/* End XCBuildConfiguration section */

/* Begin XCConfigurationList section */
		120879D82371A37300ED8D2C /* Build configuration list for PBXProject "Translator" */ = {
			isa = XCConfigurationList;
			buildConfigurations = (
				120879EF2371A37500ED8D2C /* Debug */,
				120879F02371A37500ED8D2C /* Release */,
			);
			defaultConfigurationIsVisible = 0;
			defaultConfigurationName = Release;
		};
		120879F12371A37500ED8D2C /* Build configuration list for PBXNativeTarget "Translator" */ = {
			isa = XCConfigurationList;
			buildConfigurations = (
				120879F22371A37500ED8D2C /* Debug */,
				120879F32371A37500ED8D2C /* Release */,
			);
			defaultConfigurationIsVisible = 0;
			defaultConfigurationName = Release;
		};
/* End XCConfigurationList section */
	};
	rootObject = 120879D52371A37300ED8D2C /* Project object */;
}
